
Microsoft Visual Studio Solution File, Format Version 12.00
# Visual Studio Version 17
VisualStudioVersion = 17.9.34622.214
MinimumVisualStudioVersion = 10.0.40219.1
Project("{FAE04EC0-301F-11D3-BF4B-00C04F79EFBC}") = "MovieSearch", "MovieSearch.csproj", "{17D999DC-BD45-4A24-B14A-3D3E227A6540}"
EndProject
Global
	GlobalSection(SolutionConfigurationPlatforms) = preSolution
		Debug|Any CPU = Debug|Any CPU
		Release|Any CPU = Release|Any CPU
	EndGlobalSection
	GlobalSection(ProjectConfigurationPlatforms) = postSolution
		{17D999DC-BD45-4A24-B14A-3D3E227A6540}.Debug|Any CPU.ActiveCfg = Debug|Any CPU
		{17D999DC-BD45-4A24-B14A-3D3E227A6540}.Debug|Any CPU.Build.0 = Debug|Any CPU
		{17D999DC-BD45-4A24-B14A-3D3E227A6540}.Release|Any CPU.ActiveCfg = Release|Any CPU
		{17D999DC-BD45-4A24-B14A-3D3E227A6540}.Release|Any CPU.Build.0 = Release|Any CPU
	EndGlobalSection
	GlobalSection(SolutionProperties) = preSolution
		HideSolutionNode = FALSE
	EndGlobalSection
	GlobalSection(ExtensibilityGlobals) = postSolution
		SolutionGuid = {87FEAE00-3E71-4C76-ABC1-B6037BDA86D9}
	EndGlobalSection
EndGlobal
