
Microsoft Visual Studio Solution File, Format Version 12.00
# Visual Studio Version 17
VisualStudioVersion = 17.8.34316.72
MinimumVisualStudioVersion = 10.0.40219.1
Project("{FAE04EC0-301F-11D3-BF4B-00C04F79EFBC}") = "Fasade", "Fasade\Fasade.csproj", "{A32B3206-6084-4DC0-99B3-48D2263AF130}"
EndProject
Global
	GlobalSection(SolutionConfigurationPlatforms) = preSolution
		Debug|Any CPU = Debug|Any CPU
		Release|Any CPU = Release|Any CPU
	EndGlobalSection
	GlobalSection(ProjectConfigurationPlatforms) = postSolution
		{A32B3206-6084-4DC0-99B3-48D2263AF130}.Debug|Any CPU.ActiveCfg = Debug|Any CPU
		{A32B3206-6084-4DC0-99B3-48D2263AF130}.Debug|Any CPU.Build.0 = Debug|Any CPU
		{A32B3206-6084-4DC0-99B3-48D2263AF130}.Release|Any CPU.ActiveCfg = Release|Any CPU
		{A32B3206-6084-4DC0-99B3-48D2263AF130}.Release|Any CPU.Build.0 = Release|Any CPU
	EndGlobalSection
	GlobalSection(SolutionProperties) = preSolution
		HideSolutionNode = FALSE
	EndGlobalSection
	GlobalSection(ExtensibilityGlobals) = postSolution
		SolutionGuid = {D5AE51FF-70F6-4859-93FB-1CB9F129DF6D}
	EndGlobalSection
EndGlobal
