
Microsoft Visual Studio Solution File, Format Version 12.00
# Visual Studio Version 17
VisualStudioVersion = 17.8.34525.116
MinimumVisualStudioVersion = 10.0.40219.1
Project("{FAE04EC0-301F-11D3-BF4B-00C04F79EFBC}") = "KinoPoiskWork", "KinoPoiskWork.csproj", "{A48CDA3D-646A-4396-ABE1-70FAFB22530F}"
EndProject
Global
	GlobalSection(SolutionConfigurationPlatforms) = preSolution
		Debug|Any CPU = Debug|Any CPU
		Release|Any CPU = Release|Any CPU
	EndGlobalSection
	GlobalSection(ProjectConfigurationPlatforms) = postSolution
		{A48CDA3D-646A-4396-ABE1-70FAFB22530F}.Debug|Any CPU.ActiveCfg = Debug|Any CPU
		{A48CDA3D-646A-4396-ABE1-70FAFB22530F}.Debug|Any CPU.Build.0 = Debug|Any CPU
		{A48CDA3D-646A-4396-ABE1-70FAFB22530F}.Release|Any CPU.ActiveCfg = Release|Any CPU
		{A48CDA3D-646A-4396-ABE1-70FAFB22530F}.Release|Any CPU.Build.0 = Release|Any CPU
	EndGlobalSection
	GlobalSection(SolutionProperties) = preSolution
		HideSolutionNode = FALSE
	EndGlobalSection
	GlobalSection(ExtensibilityGlobals) = postSolution
		SolutionGuid = {DF9B23B7-1372-4E8D-8CAE-F1B8045E9809}
	EndGlobalSection
EndGlobal
