
Microsoft Visual Studio Solution File, Format Version 12.00
# Visual Studio Version 17
VisualStudioVersion = 17.7.34202.233
MinimumVisualStudioVersion = 10.0.40219.1
Project("{9A19103F-16F7-4668-BE54-9A1E7A4F7556}") = "MonefyApp", "MonefyApp\MonefyApp.csproj", "{ADBE963F-5617-4CBC-83F0-5DA910A22BB6}"
EndProject
Global
	GlobalSection(SolutionConfigurationPlatforms) = preSolution
		Debug|Any CPU = Debug|Any CPU
		Release|Any CPU = Release|Any CPU
	EndGlobalSection
	GlobalSection(ProjectConfigurationPlatforms) = postSolution
		{ADBE963F-5617-4CBC-83F0-5DA910A22BB6}.Debug|Any CPU.ActiveCfg = Debug|Any CPU
		{ADBE963F-5617-4CBC-83F0-5DA910A22BB6}.Debug|Any CPU.Build.0 = Debug|Any CPU
		{ADBE963F-5617-4CBC-83F0-5DA910A22BB6}.Release|Any CPU.ActiveCfg = Release|Any CPU
		{ADBE963F-5617-4CBC-83F0-5DA910A22BB6}.Release|Any CPU.Build.0 = Release|Any CPU
	EndGlobalSection
	GlobalSection(SolutionProperties) = preSolution
		HideSolutionNode = FALSE
	EndGlobalSection
	GlobalSection(ExtensibilityGlobals) = postSolution
		SolutionGuid = {EA751524-480F-4A74-A938-B89B07D606F7}
	EndGlobalSection
EndGlobal
