
Microsoft Visual Studio Solution File, Format Version 12.00
# Visual Studio Version 17
VisualStudioVersion = 17.8.34316.72
MinimumVisualStudioVersion = 10.0.40219.1
Project("{FAE04EC0-301F-11D3-BF4B-00C04F79EFBC}") = "State", "State\State.csproj", "{29A1C2A7-DFF4-46CB-A5FF-0F72967713A4}"
EndProject
Global
	GlobalSection(SolutionConfigurationPlatforms) = preSolution
		Debug|Any CPU = Debug|Any CPU
		Release|Any CPU = Release|Any CPU
	EndGlobalSection
	GlobalSection(ProjectConfigurationPlatforms) = postSolution
		{29A1C2A7-DFF4-46CB-A5FF-0F72967713A4}.Debug|Any CPU.ActiveCfg = Debug|Any CPU
		{29A1C2A7-DFF4-46CB-A5FF-0F72967713A4}.Debug|Any CPU.Build.0 = Debug|Any CPU
		{29A1C2A7-DFF4-46CB-A5FF-0F72967713A4}.Release|Any CPU.ActiveCfg = Release|Any CPU
		{29A1C2A7-DFF4-46CB-A5FF-0F72967713A4}.Release|Any CPU.Build.0 = Release|Any CPU
	EndGlobalSection
	GlobalSection(SolutionProperties) = preSolution
		HideSolutionNode = FALSE
	EndGlobalSection
	GlobalSection(ExtensibilityGlobals) = postSolution
		SolutionGuid = {C310788F-E9FB-4A2F-918F-2BCC4DEA1F35}
	EndGlobalSection
EndGlobal
