
Microsoft Visual Studio Solution File, Format Version 12.00
# Visual Studio Version 17
VisualStudioVersion = 17.8.34316.72
MinimumVisualStudioVersion = 10.0.40219.1
Project("{FAE04EC0-301F-11D3-BF4B-00C04F79EFBC}") = "ComputerBuilder", "ComputerBuilder\ComputerBuilder.csproj", "{9D7D4E1F-75AB-43B7-A02A-543218FAB937}"
EndProject
Global
	GlobalSection(SolutionConfigurationPlatforms) = preSolution
		Debug|Any CPU = Debug|Any CPU
		Release|Any CPU = Release|Any CPU
	EndGlobalSection
	GlobalSection(ProjectConfigurationPlatforms) = postSolution
		{9D7D4E1F-75AB-43B7-A02A-543218FAB937}.Debug|Any CPU.ActiveCfg = Debug|Any CPU
		{9D7D4E1F-75AB-43B7-A02A-543218FAB937}.Debug|Any CPU.Build.0 = Debug|Any CPU
		{9D7D4E1F-75AB-43B7-A02A-543218FAB937}.Release|Any CPU.ActiveCfg = Release|Any CPU
		{9D7D4E1F-75AB-43B7-A02A-543218FAB937}.Release|Any CPU.Build.0 = Release|Any CPU
	EndGlobalSection
	GlobalSection(SolutionProperties) = preSolution
		HideSolutionNode = FALSE
	EndGlobalSection
	GlobalSection(ExtensibilityGlobals) = postSolution
		SolutionGuid = {32B7989C-B573-4FA2-A8A8-A093BEF1AA82}
	EndGlobalSection
EndGlobal
